
Microsoft Visual Studio Solution File, Format Version 12.00
# Visual Studio Version 17
VisualStudioVersion = 17.0.31903.59
MinimumVisualStudioVersion = 10.0.40219.1
Project("{FAE04EC0-301F-11D3-BF4B-00C04F79EFBC}") = "sistema-vendas.Api", "sistema-vendas.Api\sistema-vendas.Api.csproj", "{966CBD5D-8F9E-4133-84D9-8F19B4337CE1}"
EndProject
Project("{FAE04EC0-301F-11D3-BF4B-00C04F79EFBC}") = "sistema-vendas.Test", "sistema-vendas.Test\sistema-vendas.Test.csproj", "{52452FE4-D3B1-4C35-A041-A9107F2E8A54}"
EndProject
Global
	GlobalSection(SolutionConfigurationPlatforms) = preSolution
		Debug|Any CPU = Debug|Any CPU
		Release|Any CPU = Release|Any CPU
	EndGlobalSection
	GlobalSection(SolutionProperties) = preSolution
		HideSolutionNode = FALSE
	EndGlobalSection
	GlobalSection(ProjectConfigurationPlatforms) = postSolution
		{966CBD5D-8F9E-4133-84D9-8F19B4337CE1}.Debug|Any CPU.ActiveCfg = Debug|Any CPU
		{966CBD5D-8F9E-4133-84D9-8F19B4337CE1}.Debug|Any CPU.Build.0 = Debug|Any CPU
		{966CBD5D-8F9E-4133-84D9-8F19B4337CE1}.Release|Any CPU.ActiveCfg = Release|Any CPU
		{966CBD5D-8F9E-4133-84D9-8F19B4337CE1}.Release|Any CPU.Build.0 = Release|Any CPU
		{52452FE4-D3B1-4C35-A041-A9107F2E8A54}.Debug|Any CPU.ActiveCfg = Debug|Any CPU
		{52452FE4-D3B1-4C35-A041-A9107F2E8A54}.Debug|Any CPU.Build.0 = Debug|Any CPU
		{52452FE4-D3B1-4C35-A041-A9107F2E8A54}.Release|Any CPU.ActiveCfg = Release|Any CPU
		{52452FE4-D3B1-4C35-A041-A9107F2E8A54}.Release|Any CPU.Build.0 = Release|Any CPU
	EndGlobalSection
EndGlobal
